
Microsoft Visual Studio Solution File, Format Version 12.00
# Visual Studio Version 17
VisualStudioVersion = 17.1.32228.430
MinimumVisualStudioVersion = 10.0.40219.1
Project("{FAE04EC0-301F-11D3-BF4B-00C04F79EFBC}") = "NLayer.Core", "NLayer.Core\NLayer.Core.csproj", "{D46372B7-3441-4F09-AEC4-38C8C2BB7B4B}"
EndProject
Project("{FAE04EC0-301F-11D3-BF4B-00C04F79EFBC}") = "NLayer.Repository", "NLayer.Repository\NLayer.Repository.csproj", "{4248F681-3B65-4CB8-A7A7-39D61F3F4298}"
EndProject
Project("{FAE04EC0-301F-11D3-BF4B-00C04F79EFBC}") = "NLayer.Service", "NLayer.Service\NLayer.Service.csproj", "{C8FCDBD4-FD8B-4007-B6F2-DFBBF9336F73}"
EndProject
Project("{FAE04EC0-301F-11D3-BF4B-00C04F79EFBC}") = "NLayer.Api", "NLayer.Api\NLayer.Api.csproj", "{34367232-D6C8-47B5-9F20-4A20482A454A}"
EndProject
Project("{FAE04EC0-301F-11D3-BF4B-00C04F79EFBC}") = "NLayer.Web", "NLayer.Web\NLayer.Web.csproj", "{D0623485-49F4-4407-932F-E1E457608182}"
EndProject
Project("{FAE04EC0-301F-11D3-BF4B-00C04F79EFBC}") = "NLayer.Caching", "NLayer.Caching\NLayer.Caching.csproj", "{16EE82D6-9782-4E2C-8514-48E13F5ED131}"
EndProject
Global
	GlobalSection(SolutionConfigurationPlatforms) = preSolution
		Debug|Any CPU = Debug|Any CPU
		Release|Any CPU = Release|Any CPU
	EndGlobalSection
	GlobalSection(ProjectConfigurationPlatforms) = postSolution
		{D46372B7-3441-4F09-AEC4-38C8C2BB7B4B}.Debug|Any CPU.ActiveCfg = Debug|Any CPU
		{D46372B7-3441-4F09-AEC4-38C8C2BB7B4B}.Debug|Any CPU.Build.0 = Debug|Any CPU
		{D46372B7-3441-4F09-AEC4-38C8C2BB7B4B}.Release|Any CPU.ActiveCfg = Release|Any CPU
		{D46372B7-3441-4F09-AEC4-38C8C2BB7B4B}.Release|Any CPU.Build.0 = Release|Any CPU
		{4248F681-3B65-4CB8-A7A7-39D61F3F4298}.Debug|Any CPU.ActiveCfg = Debug|Any CPU
		{4248F681-3B65-4CB8-A7A7-39D61F3F4298}.Debug|Any CPU.Build.0 = Debug|Any CPU
		{4248F681-3B65-4CB8-A7A7-39D61F3F4298}.Release|Any CPU.ActiveCfg = Release|Any CPU
		{4248F681-3B65-4CB8-A7A7-39D61F3F4298}.Release|Any CPU.Build.0 = Release|Any CPU
		{C8FCDBD4-FD8B-4007-B6F2-DFBBF9336F73}.Debug|Any CPU.ActiveCfg = Debug|Any CPU
		{C8FCDBD4-FD8B-4007-B6F2-DFBBF9336F73}.Debug|Any CPU.Build.0 = Debug|Any CPU
		{C8FCDBD4-FD8B-4007-B6F2-DFBBF9336F73}.Release|Any CPU.ActiveCfg = Release|Any CPU
		{C8FCDBD4-FD8B-4007-B6F2-DFBBF9336F73}.Release|Any CPU.Build.0 = Release|Any CPU
		{34367232-D6C8-47B5-9F20-4A20482A454A}.Debug|Any CPU.ActiveCfg = Debug|Any CPU
		{34367232-D6C8-47B5-9F20-4A20482A454A}.Debug|Any CPU.Build.0 = Debug|Any CPU
		{34367232-D6C8-47B5-9F20-4A20482A454A}.Release|Any CPU.ActiveCfg = Release|Any CPU
		{34367232-D6C8-47B5-9F20-4A20482A454A}.Release|Any CPU.Build.0 = Release|Any CPU
		{D0623485-49F4-4407-932F-E1E457608182}.Debug|Any CPU.ActiveCfg = Debug|Any CPU
		{D0623485-49F4-4407-932F-E1E457608182}.Debug|Any CPU.Build.0 = Debug|Any CPU
		{D0623485-49F4-4407-932F-E1E457608182}.Release|Any CPU.ActiveCfg = Release|Any CPU
		{D0623485-49F4-4407-932F-E1E457608182}.Release|Any CPU.Build.0 = Release|Any CPU
		{16EE82D6-9782-4E2C-8514-48E13F5ED131}.Debug|Any CPU.ActiveCfg = Debug|Any CPU
		{16EE82D6-9782-4E2C-8514-48E13F5ED131}.Debug|Any CPU.Build.0 = Debug|Any CPU
		{16EE82D6-9782-4E2C-8514-48E13F5ED131}.Release|Any CPU.ActiveCfg = Release|Any CPU
		{16EE82D6-9782-4E2C-8514-48E13F5ED131}.Release|Any CPU.Build.0 = Release|Any CPU
	EndGlobalSection
	GlobalSection(SolutionProperties) = preSolution
		HideSolutionNode = FALSE
	EndGlobalSection
	GlobalSection(ExtensibilityGlobals) = postSolution
		SolutionGuid = {4F3CAB30-BFD0-4AE2-9D1C-F5F84C709AE0}
	EndGlobalSection
EndGlobal
